
Microsoft Visual Studio Solution File, Format Version 12.00
# Visual Studio 15
VisualStudioVersion = 15.0.28307.329
MinimumVisualStudioVersion = 10.0.40219.1
Project("{FAE04EC0-301F-11D3-BF4B-00C04F79EFBC}") = "embedded_world", "embedded_world\embedded_world.csproj", "{3B4CF40F-4EB7-4425-8526-3E9CCB394AA3}"
EndProject
Project("{FAE04EC0-301F-11D3-BF4B-00C04F79EFBC}") = "RosBridgeClientUWP", "ros-sharp\Libraries\RosBridgeClientUWP\RosBridgeClientUWP.csproj", "{473E1A95-178E-4377-97A5-91D0FDACFE7E}"
EndProject
Global
	GlobalSection(SolutionConfigurationPlatforms) = preSolution
		Debug|Any CPU = Debug|Any CPU
		Debug|ARM = Debug|ARM
		Debug|ARM64 = Debug|ARM64
		Debug|x64 = Debug|x64
		Debug|x86 = Debug|x86
		Release|Any CPU = Release|Any CPU
		Release|ARM = Release|ARM
		Release|ARM64 = Release|ARM64
		Release|x64 = Release|x64
		Release|x86 = Release|x86
	EndGlobalSection
	GlobalSection(ProjectConfigurationPlatforms) = postSolution
		{3B4CF40F-4EB7-4425-8526-3E9CCB394AA3}.Debug|Any CPU.ActiveCfg = Debug|x86
		{3B4CF40F-4EB7-4425-8526-3E9CCB394AA3}.Debug|ARM.ActiveCfg = Debug|ARM
		{3B4CF40F-4EB7-4425-8526-3E9CCB394AA3}.Debug|ARM.Build.0 = Debug|ARM
		{3B4CF40F-4EB7-4425-8526-3E9CCB394AA3}.Debug|ARM.Deploy.0 = Debug|ARM
		{3B4CF40F-4EB7-4425-8526-3E9CCB394AA3}.Debug|ARM64.ActiveCfg = Debug|ARM64
		{3B4CF40F-4EB7-4425-8526-3E9CCB394AA3}.Debug|ARM64.Build.0 = Debug|ARM64
		{3B4CF40F-4EB7-4425-8526-3E9CCB394AA3}.Debug|ARM64.Deploy.0 = Debug|ARM64
		{3B4CF40F-4EB7-4425-8526-3E9CCB394AA3}.Debug|x64.ActiveCfg = Debug|x64
		{3B4CF40F-4EB7-4425-8526-3E9CCB394AA3}.Debug|x64.Build.0 = Debug|x64
		{3B4CF40F-4EB7-4425-8526-3E9CCB394AA3}.Debug|x64.Deploy.0 = Debug|x64
		{3B4CF40F-4EB7-4425-8526-3E9CCB394AA3}.Debug|x86.ActiveCfg = Debug|x86
		{3B4CF40F-4EB7-4425-8526-3E9CCB394AA3}.Debug|x86.Build.0 = Debug|x86
		{3B4CF40F-4EB7-4425-8526-3E9CCB394AA3}.Debug|x86.Deploy.0 = Debug|x86
		{3B4CF40F-4EB7-4425-8526-3E9CCB394AA3}.Release|Any CPU.ActiveCfg = Release|x86
		{3B4CF40F-4EB7-4425-8526-3E9CCB394AA3}.Release|ARM.ActiveCfg = Release|ARM
		{3B4CF40F-4EB7-4425-8526-3E9CCB394AA3}.Release|ARM.Build.0 = Release|ARM
		{3B4CF40F-4EB7-4425-8526-3E9CCB394AA3}.Release|ARM.Deploy.0 = Release|ARM
		{3B4CF40F-4EB7-4425-8526-3E9CCB394AA3}.Release|ARM64.ActiveCfg = Release|ARM64
		{3B4CF40F-4EB7-4425-8526-3E9CCB394AA3}.Release|ARM64.Build.0 = Release|ARM64
		{3B4CF40F-4EB7-4425-8526-3E9CCB394AA3}.Release|ARM64.Deploy.0 = Release|ARM64
		{3B4CF40F-4EB7-4425-8526-3E9CCB394AA3}.Release|x64.ActiveCfg = Release|x64
		{3B4CF40F-4EB7-4425-8526-3E9CCB394AA3}.Release|x64.Build.0 = Release|x64
		{3B4CF40F-4EB7-4425-8526-3E9CCB394AA3}.Release|x64.Deploy.0 = Release|x64
		{3B4CF40F-4EB7-4425-8526-3E9CCB394AA3}.Release|x86.ActiveCfg = Release|x86
		{3B4CF40F-4EB7-4425-8526-3E9CCB394AA3}.Release|x86.Build.0 = Release|x86
		{3B4CF40F-4EB7-4425-8526-3E9CCB394AA3}.Release|x86.Deploy.0 = Release|x86
		{473E1A95-178E-4377-97A5-91D0FDACFE7E}.Debug|Any CPU.ActiveCfg = Debug|Any CPU
		{473E1A95-178E-4377-97A5-91D0FDACFE7E}.Debug|Any CPU.Build.0 = Debug|Any CPU
		{473E1A95-178E-4377-97A5-91D0FDACFE7E}.Debug|ARM.ActiveCfg = Debug|ARM
		{473E1A95-178E-4377-97A5-91D0FDACFE7E}.Debug|ARM.Build.0 = Debug|ARM
		{473E1A95-178E-4377-97A5-91D0FDACFE7E}.Debug|ARM64.ActiveCfg = Debug|Any CPU
		{473E1A95-178E-4377-97A5-91D0FDACFE7E}.Debug|ARM64.Build.0 = Debug|Any CPU
		{473E1A95-178E-4377-97A5-91D0FDACFE7E}.Debug|x64.ActiveCfg = Debug|x64
		{473E1A95-178E-4377-97A5-91D0FDACFE7E}.Debug|x64.Build.0 = Debug|x64
		{473E1A95-178E-4377-97A5-91D0FDACFE7E}.Debug|x86.ActiveCfg = Debug|x86
		{473E1A95-178E-4377-97A5-91D0FDACFE7E}.Debug|x86.Build.0 = Debug|x86
		{473E1A95-178E-4377-97A5-91D0FDACFE7E}.Release|Any CPU.ActiveCfg = Release|Any CPU
		{473E1A95-178E-4377-97A5-91D0FDACFE7E}.Release|Any CPU.Build.0 = Release|Any CPU
		{473E1A95-178E-4377-97A5-91D0FDACFE7E}.Release|ARM.ActiveCfg = Release|ARM
		{473E1A95-178E-4377-97A5-91D0FDACFE7E}.Release|ARM.Build.0 = Release|ARM
		{473E1A95-178E-4377-97A5-91D0FDACFE7E}.Release|ARM64.ActiveCfg = Release|Any CPU
		{473E1A95-178E-4377-97A5-91D0FDACFE7E}.Release|ARM64.Build.0 = Release|Any CPU
		{473E1A95-178E-4377-97A5-91D0FDACFE7E}.Release|x64.ActiveCfg = Release|x64
		{473E1A95-178E-4377-97A5-91D0FDACFE7E}.Release|x64.Build.0 = Release|x64
		{473E1A95-178E-4377-97A5-91D0FDACFE7E}.Release|x86.ActiveCfg = Release|x86
		{473E1A95-178E-4377-97A5-91D0FDACFE7E}.Release|x86.Build.0 = Release|x86
	EndGlobalSection
	GlobalSection(SolutionProperties) = preSolution
		HideSolutionNode = FALSE
	EndGlobalSection
	GlobalSection(ExtensibilityGlobals) = postSolution
		SolutionGuid = {4E053A27-AA01-481C-99EE-3B4E9F9E6408}
	EndGlobalSection
EndGlobal
